
Microsoft Visual Studio Solution File, Format Version 12.00
# Visual Studio Version 17
VisualStudioVersion = 17.13.35825.156 d17.13
MinimumVisualStudioVersion = 10.0.40219.1
Project("{FAE04EC0-301F-11D3-BF4B-00C04F79EFBC}") = "kiitbites-desktop-application", "kiitbites-desktop-application.csproj", "{209567CC-D1A9-89DB-C1F3-7B419678EDC2}"
EndProject
Global
	GlobalSection(SolutionConfigurationPlatforms) = preSolution
		Debug|Any CPU = Debug|Any CPU
		Release|Any CPU = Release|Any CPU
	EndGlobalSection
	GlobalSection(ProjectConfigurationPlatforms) = postSolution
		{209567CC-D1A9-89DB-C1F3-7B419678EDC2}.Debug|Any CPU.ActiveCfg = Debug|Any CPU
		{209567CC-D1A9-89DB-C1F3-7B419678EDC2}.Debug|Any CPU.Build.0 = Debug|Any CPU
		{209567CC-D1A9-89DB-C1F3-7B419678EDC2}.Release|Any CPU.ActiveCfg = Release|Any CPU
		{209567CC-D1A9-89DB-C1F3-7B419678EDC2}.Release|Any CPU.Build.0 = Release|Any CPU
	EndGlobalSection
	GlobalSection(SolutionProperties) = preSolution
		HideSolutionNode = FALSE
	EndGlobalSection
	GlobalSection(ExtensibilityGlobals) = postSolution
		SolutionGuid = {26EB8FFC-6894-4EC6-88D5-1615A75C90E6}
	EndGlobalSection
EndGlobal
